// !$*UTF8*$!
{
	archiveVersion = 1;
	classes = {
	};
	objectVersion = 56;
	objects = {

/* Begin PBXBuildFile section */
		C8444A3A2B8DC6E500A70F0B /* AppDelegate.swift in Sources */ = {isa = PBXBuildFile; fileRef = C8444A392B8DC6E500A70F0B /* AppDelegate.swift */; };
		C8444A3C2B8DC6E500A70F0B /* SceneDelegate.swift in Sources */ = {isa = PBXBuildFile; fileRef = C8444A3B2B8DC6E500A70F0B /* SceneDelegate.swift */; };
		C8444A3E2B8DC6E500A70F0B /* ViewController.swift in Sources */ = {isa = PBXBuildFile; fileRef = C8444A3D2B8DC6E500A70F0B /* ViewController.swift */; };
		C8444A412B8DC6E500A70F0B /* Main.storyboard in Resources */ = {isa = PBXBuildFile; fileRef = C8444A3F2B8DC6E500A70F0B /* Main.storyboard */; };
		C8444A432B8DC6E700A70F0B /* Assets.xcassets in Resources */ = {isa = PBXBuildFile; fileRef = C8444A422B8DC6E700A70F0B /* Assets.xcassets */; };
		C8444A462B8DC6E700A70F0B /* LaunchScreen.storyboard in Resources */ = {isa = PBXBuildFile; fileRef = C8444A442B8DC6E700A70F0B /* LaunchScreen.storyboard */; };
		C8444A512B8DC6E700A70F0B /* HelloTests.swift in Sources */ = {isa = PBXBuildFile; fileRef = C8444A502B8DC6E700A70F0B /* HelloTests.swift */; };
		C8444A5B2B8DC6E700A70F0B /* HelloUITests.swift in Sources */ = {isa = PBXBuildFile; fileRef = C8444A5A2B8DC6E700A70F0B /* HelloUITests.swift */; };
		C8444A5D2B8DC6E700A70F0B /* HelloUITestsLaunchTests.swift in Sources */ = {isa = PBXBuildFile; fileRef = C8444A5C2B8DC6E700A70F0B /* HelloUITestsLaunchTests.swift */; };
/* End PBXBuildFile section */

/* Begin PBXContainerItemProxy section */
		C8444A4D2B8DC6E700A70F0B /* PBXContainerItemProxy */ = {
			isa = PBXContainerItemProxy;
			containerPortal = C8444A2E2B8DC6E500A70F0B /* Project object */;
			proxyType = 1;
			remoteGlobalIDString = C8444A352B8DC6E500A70F0B;
			remoteInfo = Hello;
		};
		C8444A572B8DC6E700A70F0B /* PBXContainerItemProxy */ = {
			isa = PBXContainerItemProxy;
			containerPortal = C8444A2E2B8DC6E500A70F0B /* Project object */;
			proxyType = 1;
			remoteGlobalIDString = C8444A352B8DC6E500A70F0B;
			remoteInfo = Hello;
		};
/* End PBXContainerItemProxy section */

/* Begin PBXFileReference section */
		C8444A362B8DC6E500A70F0B /* Hello.app */ = {isa = PBXFileReference; explicitFileType = wrapper.application; includeInIndex = 0; path = Hello.app; sourceTree = BUILT_PRODUCTS_DIR; };
		C8444A392B8DC6E500A70F0B /* AppDelegate.swift */ = {isa = PBXFileReference; lastKnownFileType = sourcecode.swift; path = AppDelegate.swift; sourceTree = "<group>"; };
		C8444A3B2B8DC6E500A70F0B /* SceneDelegate.swift */ = {isa = PBXFileReference; lastKnownFileType = sourcecode.swift; path = SceneDelegate.swift; sourceTree = "<group>"; };
		C8444A3D2B8DC6E500A70F0B /* ViewController.swift */ = {isa = PBXFileReference; lastKnownFileType = sourcecode.swift; path = ViewController.swift; sourceTree = "<group>"; };
		C8444A402B8DC6E500A70F0B /* Base */ = {isa = PBXFileReference; lastKnownFileType = file.storyboard; name = Base; path = Base.lproj/Main.storyboard; sourceTree = "<group>"; };
		C8444A422B8DC6E700A70F0B /* Assets.xcassets */ = {isa = PBXFileReference; lastKnownFileType = folder.assetcatalog; path = Assets.xcassets; sourceTree = "<group>"; };
		C8444A452B8DC6E700A70F0B /* Base */ = {isa = PBXFileReference; lastKnownFileType = file.storyboard; name = Base; path = Base.lproj/LaunchScreen.storyboard; sourceTree = "<group>"; };
		C8444A472B8DC6E700A70F0B /* Info.plist */ = {isa = PBXFileReference; lastKnownFileType = text.plist.xml; path = Info.plist; sourceTree = "<group>"; };
		C8444A4C2B8DC6E700A70F0B /* HelloTests.xctest */ = {isa = PBXFileReference; explicitFileType = wrapper.cfbundle; includeInIndex = 0; path = HelloTests.xctest; sourceTree = BUILT_PRODUCTS_DIR; };
		C8444A502B8DC6E700A70F0B /* HelloTests.swift */ = {isa = PBXFileReference; lastKnownFileType = sourcecode.swift; path = HelloTests.swift; sourceTree = "<group>"; };
		C8444A562B8DC6E700A70F0B /* HelloUITests.xctest */ = {isa = PBXFileReference; explicitFileType = wrapper.cfbundle; includeInIndex = 0; path = HelloUITests.xctest; sourceTree = BUILT_PRODUCTS_DIR; };
		C8444A5A2B8DC6E700A70F0B /* HelloUITests.swift */ = {isa = PBXFileReference; lastKnownFileType = sourcecode.swift; path = HelloUITests.swift; sourceTree = "<group>"; };
		C8444A5C2B8DC6E700A70F0B /* HelloUITestsLaunchTests.swift */ = {isa = PBXFileReference; lastKnownFileType = sourcecode.swift; path = HelloUITestsLaunchTests.swift; sourceTree = "<group>"; };
/* End PBXFileReference section */

/* Begin PBXFrameworksBuildPhase section */
		C8444A332B8DC6E500A70F0B /* Frameworks */ = {
			isa = PBXFrameworksBuildPhase;
			buildActionMask = 2147483647;
			files = (
			);
			runOnlyForDeploymentPostprocessing = 0;
		};
		C8444A492B8DC6E700A70F0B /* Frameworks */ = {
			isa = PBXFrameworksBuildPhase;
			buildActionMask = 2147483647;
			files = (
			);
			runOnlyForDeploymentPostprocessing = 0;
		};
		C8444A532B8DC6E700A70F0B /* Frameworks */ = {
			isa = PBXFrameworksBuildPhase;
			buildActionMask = 2147483647;
			files = (
			);
			runOnlyForDeploymentPostprocessing = 0;
		};
/* End PBXFrameworksBuildPhase section */

/* Begin PBXGroup section */
		C8444A2D2B8DC6E500A70F0B = {
			isa = PBXGroup;
			children = (
				C8444A382B8DC6E500A70F0B /* Hello */,
				C8444A4F2B8DC6E700A70F0B /* HelloTests */,
				C8444A592B8DC6E700A70F0B /* HelloUITests */,
				C8444A372B8DC6E500A70F0B /* Products */,
			);
			sourceTree = "<group>";
		};
		C8444A372B8DC6E500A70F0B /* Products */ = {
			isa = PBXGroup;
			children = (
				C8444A362B8DC6E500A70F0B /* Hello.app */,
				C8444A4C2B8DC6E700A70F0B /* HelloTests.xctest */,
				C8444A562B8DC6E700A70F0B /* HelloUITests.xctest */,
			);
			name = Products;
			sourceTree = "<group>";
		};
		C8444A382B8DC6E500A70F0B /* Hello */ = {
			isa = PBXGroup;
			children = (
				C8444A392B8DC6E500A70F0B /* AppDelegate.swift */,
				C8444A3B2B8DC6E500A70F0B /* SceneDelegate.swift */,
				C8444A3D2B8DC6E500A70F0B /* ViewController.swift */,
				C8444A3F2B8DC6E500A70F0B /* Main.storyboard */,
				C8444A422B8DC6E700A70F0B /* Assets.xcassets */,
				C8444A442B8DC6E700A70F0B /* LaunchScreen.storyboard */,
				C8444A472B8DC6E700A70F0B /* Info.plist */,
			);
			path = Hello;
			sourceTree = "<group>";
		};
		C8444A4F2B8DC6E700A70F0B /* HelloTests */ = {
			isa = PBXGroup;
			children = (
				C8444A502B8DC6E700A70F0B /* HelloTests.swift */,
			);
			path = HelloTests;
			sourceTree = "<group>";
		};
		C8444A592B8DC6E700A70F0B /* HelloUITests */ = {
			isa = PBXGroup;
			children = (
				C8444A5A2B8DC6E700A70F0B /* HelloUITests.swift */,
				C8444A5C2B8DC6E700A70F0B /* HelloUITestsLaunchTests.swift */,
			);
			path = HelloUITests;
			sourceTree = "<group>";
		};
/* End PBXGroup section */

/* Begin PBXNativeTarget section */
		C8444A352B8DC6E500A70F0B /* Hello */ = {
			isa = PBXNativeTarget;
			buildConfigurationList = C8444A602B8DC6E700A70F0B /* Build configuration list for PBXNativeTarget "Hello" */;
			buildPhases = (
				C8444A322B8DC6E500A70F0B /* Sources */,
				C8444A332B8DC6E500A70F0B /* Frameworks */,
				C8444A342B8DC6E500A70F0B /* Resources */,
			);
			buildRules = (
			);
			dependencies = (
			);
			name = Hello;
			productName = Hello;
			productReference = C8444A362B8DC6E500A70F0B /* Hello.app */;
			productType = "com.apple.product-type.application";
		};
		C8444A4B2B8DC6E700A70F0B /* HelloTests */ = {
			isa = PBXNativeTarget;
			buildConfigurationList = C8444A632B8DC6E700A70F0B /* Build configuration list for PBXNativeTarget "HelloTests" */;
			buildPhases = (
				C8444A482B8DC6E700A70F0B /* Sources */,
				C8444A492B8DC6E700A70F0B /* Frameworks */,
				C8444A4A2B8DC6E700A70F0B /* Resources */,
			);
			buildRules = (
			);
			dependencies = (
				C8444A4E2B8DC6E700A70F0B /* PBXTargetDependency */,
			);
			name = HelloTests;
			productName = HelloTests;
			productReference = C8444A4C2B8DC6E700A70F0B /* HelloTests.xctest */;
			productType = "com.apple.product-type.bundle.unit-test";
		};
		C8444A552B8DC6E700A70F0B /* HelloUITests */ = {
			isa = PBXNativeTarget;
			buildConfigurationList = C8444A662B8DC6E700A70F0B /* Build configuration list for PBXNativeTarget "HelloUITests" */;
			buildPhases = (
				C8444A522B8DC6E700A70F0B /* Sources */,
				C8444A532B8DC6E700A70F0B /* Frameworks */,
				C8444A542B8DC6E700A70F0B /* Resources */,
			);
			buildRules = (
			);
			dependencies = (
				C8444A582B8DC6E700A70F0B /* PBXTargetDependency */,
			);
			name = HelloUITests;
			productName = HelloUITests;
			productReference = C8444A562B8DC6E700A70F0B /* HelloUITests.xctest */;
			productType = "com.apple.product-type.bundle.ui-testing";
		};
/* End PBXNativeTarget section */

/* Begin PBXProject section */
		C8444A2E2B8DC6E500A70F0B /* Project object */ = {
			isa = PBXProject;
			attributes = {
				BuildIndependentTargetsInParallel = 1;
				LastSwiftUpdateCheck = 1500;
				LastUpgradeCheck = 1500;
				TargetAttributes = {
					C8444A352B8DC6E500A70F0B = {
						CreatedOnToolsVersion = 15.0.1;
					};
					C8444A4B2B8DC6E700A70F0B = {
						CreatedOnToolsVersion = 15.0.1;
						TestTargetID = C8444A352B8DC6E500A70F0B;
					};
					C8444A552B8DC6E700A70F0B = {
						CreatedOnToolsVersion = 15.0.1;
						TestTargetID = C8444A352B8DC6E500A70F0B;
					};
				};
			};
			buildConfigurationList = C8444A312B8DC6E500A70F0B /* Build configuration list for PBXProject "Hello" */;
			compatibilityVersion = "Xcode 14.0";
			developmentRegion = en;
			hasScannedForEncodings = 0;
			knownRegions = (
				en,
				Base,
			);
			mainGroup = C8444A2D2B8DC6E500A70F0B;
			productRefGroup = C8444A372B8DC6E500A70F0B /* Products */;
			projectDirPath = "";
			projectRoot = "";
			targets = (
				C8444A352B8DC6E500A70F0B /* Hello */,
				C8444A4B2B8DC6E700A70F0B /* HelloTests */,
				C8444A552B8DC6E700A70F0B /* HelloUITests */,
			);
		};
/* End PBXProject section */

/* Begin PBXResourcesBuildPhase section */
		C8444A342B8DC6E500A70F0B /* Resources */ = {
			isa = PBXResourcesBuildPhase;
			buildActionMask = 2147483647;
			files = (
				C8444A462B8DC6E700A70F0B /* LaunchScreen.storyboard in Resources */,
				C8444A432B8DC6E700A70F0B /* Assets.xcassets in Resources */,
				C8444A412B8DC6E500A70F0B /* Main.storyboard in Resources */,
			);
			runOnlyForDeploymentPostprocessing = 0;
		};
		C8444A4A2B8DC6E700A70F0B /* Resources */ = {
			isa = PBXResourcesBuildPhase;
			buildActionMask = 2147483647;
			files = (
			);
			runOnlyForDeploymentPostprocessing = 0;
		};
		C8444A542B8DC6E700A70F0B /* Resources */ = {
			isa = PBXResourcesBuildPhase;
			buildActionMask = 2147483647;
			files = (
			);
			runOnlyForDeploymentPostprocessing = 0;
		};
/* End PBXResourcesBuildPhase section */

/* Begin PBXSourcesBuildPhase section */
		C8444A322B8DC6E500A70F0B /* Sources */ = {
			isa = PBXSourcesBuildPhase;
			buildActionMask = 2147483647;
			files = (
				C8444A3E2B8DC6E500A70F0B /* ViewController.swift in Sources */,
				C8444A3A2B8DC6E500A70F0B /* AppDelegate.swift in Sources */,
				C8444A3C2B8DC6E500A70F0B /* SceneDelegate.swift in Sources */,
			);
			runOnlyForDeploymentPostprocessing = 0;
		};
		C8444A482B8DC6E700A70F0B /* Sources */ = {
			isa = PBXSourcesBuildPhase;
			buildActionMask = 2147483647;
			files = (
				C8444A512B8DC6E700A70F0B /* HelloTests.swift in Sources */,
			);
			runOnlyForDeploymentPostprocessing = 0;
		};
		C8444A522B8DC6E700A70F0B /* Sources */ = {
			isa = PBXSourcesBuildPhase;
			buildActionMask = 2147483647;
			files = (
				C8444A5B2B8DC6E700A70F0B /* HelloUITests.swift in Sources */,
				C8444A5D2B8DC6E700A70F0B /* HelloUITestsLaunchTests.swift in Sources */,
			);
			runOnlyForDeploymentPostprocessing = 0;
		};
/* End PBXSourcesBuildPhase section */

/* Begin PBXTargetDependency section */
		C8444A4E2B8DC6E700A70F0B /* PBXTargetDependency */ = {
			isa = PBXTargetDependency;
			target = C8444A352B8DC6E500A70F0B /* Hello */;
			targetProxy = C8444A4D2B8DC6E700A70F0B /* PBXContainerItemProxy */;
		};
		C8444A582B8DC6E700A70F0B /* PBXTargetDependency */ = {
			isa = PBXTargetDependency;
			target = C8444A352B8DC6E500A70F0B /* Hello */;
			targetProxy = C8444A572B8DC6E700A70F0B /* PBXContainerItemProxy */;
		};
/* End PBXTargetDependency section */

/* Begin PBXVariantGroup section */
		C8444A3F2B8DC6E500A70F0B /* Main.storyboard */ = {
			isa = PBXVariantGroup;
			children = (
				C8444A402B8DC6E500A70F0B /* Base */,
			);
			name = Main.storyboard;
			sourceTree = "<group>";
		};
		C8444A442B8DC6E700A70F0B /* LaunchScreen.storyboard */ = {
			isa = PBXVariantGroup;
			children = (
				C8444A452B8DC6E700A70F0B /* Base */,
			);
			name = LaunchScreen.storyboard;
			sourceTree = "<group>";
		};
/* End PBXVariantGroup section */

/* Begin XCBuildConfiguration section */
		C8444A5E2B8DC6E700A70F0B /* Debug */ = {
			isa = XCBuildConfiguration;
			buildSettings = {
				ALWAYS_SEARCH_USER_PATHS = NO;
				ASSETCATALOG_COMPILER_GENERATE_SWIFT_ASSET_SYMBOL_EXTENSIONS = YES;
				CLANG_ANALYZER_NONNULL = YES;
				CLANG_ANALYZER_NUMBER_OBJECT_CONVERSION = YES_AGGRESSIVE;
				CLANG_CXX_LANGUAGE_STANDARD = "gnu++20";
				CLANG_ENABLE_MODULES = YES;
				CLANG_ENABLE_OBJC_ARC = YES;
				CLANG_ENABLE_OBJC_WEAK = YES;
				CLANG_WARN_BLOCK_CAPTURE_AUTORELEASING = YES;
				CLANG_WARN_BOOL_CONVERSION = YES;
				CLANG_WARN_COMMA = YES;
				CLANG_WARN_CONSTANT_CONVERSION = YES;
				CLANG_WARN_DEPRECATED_OBJC_IMPLEMENTATIONS = YES;
				CLANG_WARN_DIRECT_OBJC_ISA_USAGE = YES_ERROR;
				CLANG_WARN_DOCUMENTATION_COMMENTS = YES;
				CLANG_WARN_EMPTY_BODY = YES;
				CLANG_WARN_ENUM_CONVERSION = YES;
				CLANG_WARN_INFINITE_RECURSION = YES;
				CLANG_WARN_INT_CONVERSION = YES;
				CLANG_WARN_NON_LITERAL_NULL_CONVERSION = YES;
				CLANG_WARN_OBJC_IMPLICIT_RETAIN_SELF = YES;
				CLANG_WARN_OBJC_LITERAL_CONVERSION = YES;
				CLANG_WARN_OBJC_ROOT_CLASS = YES_ERROR;
				CLANG_WARN_QUOTED_INCLUDE_IN_FRAMEWORK_HEADER = YES;
				CLANG_WARN_RANGE_LOOP_ANALYSIS = YES;
				CLANG_WARN_STRICT_PROTOTYPES = YES;
				CLANG_WARN_SUSPICIOUS_MOVE = YES;
				CLANG_WARN_UNGUARDED_AVAILABILITY = YES_AGGRESSIVE;
				CLANG_WARN_UNREACHABLE_CODE = YES;
				CLANG_WARN__DUPLICATE_METHOD_MATCH = YES;
				COPY_PHASE_STRIP = NO;
				DEBUG_INFORMATION_FORMAT = dwarf;
				ENABLE_STRICT_OBJC_MSGSEND = YES;
				ENABLE_TESTABILITY = YES;
				ENABLE_USER_SCRIPT_SANDBOXING = YES;
				GCC_C_LANGUAGE_STANDARD = gnu17;
				GCC_DYNAMIC_NO_PIC = NO;
				GCC_NO_COMMON_BLOCKS = YES;
				GCC_OPTIMIZATION_LEVEL = 0;
				GCC_PREPROCESSOR_DEFINITIONS = (
					"DEBUG=1",
					"$(inherited)",
				);
				GCC_WARN_64_TO_32_BIT_CONVERSION = YES;
				GCC_WARN_ABOUT_RETURN_TYPE = YES_ERROR;
				GCC_WARN_UNDECLARED_SELECTOR = YES;
				GCC_WARN_UNINITIALIZED_AUTOS = YES_AGGRESSIVE;
				GCC_WARN_UNUSED_FUNCTION = YES;
				GCC_WARN_UNUSED_VARIABLE = YES;
				IPHONEOS_DEPLOYMENT_TARGET = 17.0;
				LOCALIZATION_PREFERS_STRING_CATALOGS = YES;
				MTL_ENABLE_DEBUG_INFO = INCLUDE_SOURCE;
				MTL_FAST_MATH = YES;
				ONLY_ACTIVE_ARCH = YES;
				SDKROOT = iphoneos;
				SWIFT_ACTIVE_COMPILATION_CONDITIONS = "DEBUG $(inherited)";
				SWIFT_OPTIMIZATION_LEVEL = "-Onone";
			};
			name = Debug;
		};
		C8444A5F2B8DC6E700A70F0B /* Release */ = {
			isa = XCBuildConfiguration;
			buildSettings = {
				ALWAYS_SEARCH_USER_PATHS = NO;
				ASSETCATALOG_COMPILER_GENERATE_SWIFT_ASSET_SYMBOL_EXTENSIONS = YES;
				CLANG_ANALYZER_NONNULL = YES;
				CLANG_ANALYZER_NUMBER_OBJECT_CONVERSION = YES_AGGRESSIVE;
				CLANG_CXX_LANGUAGE_STANDARD = "gnu++20";
				CLANG_ENABLE_MODULES = YES;
				CLANG_ENABLE_OBJC_ARC = YES;
				CLANG_ENABLE_OBJC_WEAK = YES;
				CLANG_WARN_BLOCK_CAPTURE_AUTORELEASING = YES;
				CLANG_WARN_BOOL_CONVERSION = YES;
				CLANG_WARN_COMMA = YES;
				CLANG_WARN_CONSTANT_CONVERSION = YES;
				CLANG_WARN_DEPRECATED_OBJC_IMPLEMENTATIONS = YES;
				CLANG_WARN_DIRECT_OBJC_ISA_USAGE = YES_ERROR;
				CLANG_WARN_DOCUMENTATION_COMMENTS = YES;
				CLANG_WARN_EMPTY_BODY = YES;
				CLANG_WARN_ENUM_CONVERSION = YES;
				CLANG_WARN_INFINITE_RECURSION = YES;
				CLANG_WARN_INT_CONVERSION = YES;
				CLANG_WARN_NON_LITERAL_NULL_CONVERSION = YES;
				CLANG_WARN_OBJC_IMPLICIT_RETAIN_SELF = YES;
				CLANG_WARN_OBJC_LITERAL_CONVERSION = YES;
				CLANG_WARN_OBJC_ROOT_CLASS = YES_ERROR;
				CLANG_WARN_QUOTED_INCLUDE_IN_FRAMEWORK_HEADER = YES;
				CLANG_WARN_RANGE_LOOP_ANALYSIS = YES;
				CLANG_WARN_STRICT_PROTOTYPES = YES;
				CLANG_WARN_SUSPICIOUS_MOVE = YES;
				CLANG_WARN_UNGUARDED_AVAILABILITY = YES_AGGRESSIVE;
				CLANG_WARN_UNREACHABLE_CODE = YES;
				CLANG_WARN__DUPLICATE_METHOD_MATCH = YES;
				COPY_PHASE_STRIP = NO;
				DEBUG_INFORMATION_FORMAT = "dwarf-with-dsym";
				ENABLE_NS_ASSERTIONS = NO;
				ENABLE_STRICT_OBJC_MSGSEND = YES;
				ENABLE_USER_SCRIPT_SANDBOXING = YES;
				GCC_C_LANGUAGE_STANDARD = gnu17;
				GCC_NO_COMMON_BLOCKS = YES;
				GCC_WARN_64_TO_32_BIT_CONVERSION = YES;
				GCC_WARN_ABOUT_RETURN_TYPE = YES_ERROR;
				GCC_WARN_UNDECLARED_SELECTOR = YES;
				GCC_WARN_UNINITIALIZED_AUTOS = YES_AGGRESSIVE;
				GCC_WARN_UNUSED_FUNCTION = YES;
				GCC_WARN_UNUSED_VARIABLE = YES;
				IPHONEOS_DEPLOYMENT_TARGET = 17.0;
				LOCALIZATION_PREFERS_STRING_CATALOGS = YES;
				MTL_ENABLE_DEBUG_INFO = NO;
				MTL_FAST_MATH = YES;
				SDKROOT = iphoneos;
				SWIFT_COMPILATION_MODE = wholemodule;
				VALIDATE_PRODUCT = YES;
			};
			name = Release;
		};
		C8444A612B8DC6E700A70F0B /* Debug */ = {
			isa = XCBuildConfiguration;
			buildSettings = {
				ASSETCATALOG_COMPILER_APPICON_NAME = AppIcon;
				ASSETCATALOG_COMPILER_GLOBAL_ACCENT_COLOR_NAME = AccentColor;
				CODE_SIGN_STYLE = Automatic;
				CURRENT_PROJECT_VERSION = 1;
				DEVELOPMENT_TEAM = 3G42LQJ6UL;
				GENERATE_INFOPLIST_FILE = YES;
				INFOPLIST_FILE = Hello/Info.plist;
				INFOPLIST_KEY_UIApplicationSupportsIndirectInputEvents = YES;
				INFOPLIST_KEY_UILaunchStoryboardName = LaunchScreen;
				INFOPLIST_KEY_UIMainStoryboardFile = Main;
				INFOPLIST_KEY_UISupportedInterfaceOrientations_iPad = "UIInterfaceOrientationPortrait UIInterfaceOrientationPortraitUpsideDown UIInterfaceOrientationLandscapeLeft UIInterfaceOrientationLandscapeRight";
				INFOPLIST_KEY_UISupportedInterfaceOrientations_iPhone = "UIInterfaceOrientationPortrait UIInterfaceOrientationLandscapeLeft UIInterfaceOrientationLandscapeRight";
				LD_RUNPATH_SEARCH_PATHS = (
					"$(inherited)",
					"@executable_path/Frameworks",
				);
				MARKETING_VERSION = 1.0;
				PRODUCT_BUNDLE_IDENTIFIER = nycu.esd.409504010.Hello;
				PRODUCT_NAME = "$(TARGET_NAME)";
				SWIFT_EMIT_LOC_STRINGS = YES;
				SWIFT_VERSION = 5.0;
				TARGETED_DEVICE_FAMILY = "1,2";
			};
			name = Debug;
		};
		C8444A622B8DC6E700A70F0B /* Release */ = {
			isa = XCBuildConfiguration;
			buildSettings = {
				ASSETCATALOG_COMPILER_APPICON_NAME = AppIcon;
				ASSETCATALOG_COMPILER_GLOBAL_ACCENT_COLOR_NAME = AccentColor;
				CODE_SIGN_STYLE = Automatic;
				CURRENT_PROJECT_VERSION = 1;
				DEVELOPMENT_TEAM = 3G42LQJ6UL;
				GENERATE_INFOPLIST_FILE = YES;
				INFOPLIST_FILE = Hello/Info.plist;
				INFOPLIST_KEY_UIApplicationSupportsIndirectInputEvents = YES;
				INFOPLIST_KEY_UILaunchStoryboardName = LaunchScreen;
				INFOPLIST_KEY_UIMainStoryboardFile = Main;
				INFOPLIST_KEY_UISupportedInterfaceOrientations_iPad = "UIInterfaceOrientationPortrait UIInterfaceOrientationPortraitUpsideDown UIInterfaceOrientationLandscapeLeft UIInterfaceOrientationLandscapeRight";
				INFOPLIST_KEY_UISupportedInterfaceOrientations_iPhone = "UIInterfaceOrientationPortrait UIInterfaceOrientationLandscapeLeft UIInterfaceOrientationLandscapeRight";
				LD_RUNPATH_SEARCH_PATHS = (
					"$(inherited)",
					"@executable_path/Frameworks",
				);
				MARKETING_VERSION = 1.0;
				PRODUCT_BUNDLE_IDENTIFIER = nycu.esd.409504010.Hello;
				PRODUCT_NAME = "$(TARGET_NAME)";
				SWIFT_EMIT_LOC_STRINGS = YES;
				SWIFT_VERSION = 5.0;
				TARGETED_DEVICE_FAMILY = "1,2";
			};
			name = Release;
		};
		C8444A642B8DC6E700A70F0B /* Debug */ = {
			isa = XCBuildConfiguration;
			buildSettings = {
				ALWAYS_EMBED_SWIFT_STANDARD_LIBRARIES = YES;
				BUNDLE_LOADER = "$(TEST_HOST)";
				CODE_SIGN_STYLE = Automatic;
				CURRENT_PROJECT_VERSION = 1;
				GENERATE_INFOPLIST_FILE = YES;
				IPHONEOS_DEPLOYMENT_TARGET = 17.0;
				MARKETING_VERSION = 1.0;
				PRODUCT_BUNDLE_IDENTIFIER = nycu.esd.409504010.HelloTests;
				PRODUCT_NAME = "$(TARGET_NAME)";
				SWIFT_EMIT_LOC_STRINGS = NO;
				SWIFT_VERSION = 5.0;
				TARGETED_DEVICE_FAMILY = "1,2";
				TEST_HOST = "$(BUILT_PRODUCTS_DIR)/Hello.app/$(BUNDLE_EXECUTABLE_FOLDER_PATH)/Hello";
			};
			name = Debug;
		};
		C8444A652B8DC6E700A70F0B /* Release */ = {
			isa = XCBuildConfiguration;
			buildSettings = {
				ALWAYS_EMBED_SWIFT_STANDARD_LIBRARIES = YES;
				BUNDLE_LOADER = "$(TEST_HOST)";
				CODE_SIGN_STYLE = Automatic;
				CURRENT_PROJECT_VERSION = 1;
				GENERATE_INFOPLIST_FILE = YES;
				IPHONEOS_DEPLOYMENT_TARGET = 17.0;
				MARKETING_VERSION = 1.0;
				PRODUCT_BUNDLE_IDENTIFIER = nycu.esd.409504010.HelloTests;
				PRODUCT_NAME = "$(TARGET_NAME)";
				SWIFT_EMIT_LOC_STRINGS = NO;
				SWIFT_VERSION = 5.0;
				TARGETED_DEVICE_FAMILY = "1,2";
				TEST_HOST = "$(BUILT_PRODUCTS_DIR)/Hello.app/$(BUNDLE_EXECUTABLE_FOLDER_PATH)/Hello";
			};
			name = Release;
		};
		C8444A672B8DC6E700A70F0B /* Debug */ = {
			isa = XCBuildConfiguration;
			buildSettings = {
				ALWAYS_EMBED_SWIFT_STANDARD_LIBRARIES = YES;
				CODE_SIGN_STYLE = Automatic;
				CURRENT_PROJECT_VERSION = 1;
				GENERATE_INFOPLIST_FILE = YES;
				MARKETING_VERSION = 1.0;
				PRODUCT_BUNDLE_IDENTIFIER = nycu.esd.409504010.HelloUITests;
				PRODUCT_NAME = "$(TARGET_NAME)";
				SWIFT_EMIT_LOC_STRINGS = NO;
				SWIFT_VERSION = 5.0;
				TARGETED_DEVICE_FAMILY = "1,2";
				TEST_TARGET_NAME = Hello;
			};
			name = Debug;
		};
		C8444A682B8DC6E700A70F0B /* Release */ = {
			isa = XCBuildConfiguration;
			buildSettings = {
				ALWAYS_EMBED_SWIFT_STANDARD_LIBRARIES = YES;
				CODE_SIGN_STYLE = Automatic;
				CURRENT_PROJECT_VERSION = 1;
				GENERATE_INFOPLIST_FILE = YES;
				MARKETING_VERSION = 1.0;
				PRODUCT_BUNDLE_IDENTIFIER = nycu.esd.409504010.HelloUITests;
				PRODUCT_NAME = "$(TARGET_NAME)";
				SWIFT_EMIT_LOC_STRINGS = NO;
				SWIFT_VERSION = 5.0;
				TARGETED_DEVICE_FAMILY = "1,2";
				TEST_TARGET_NAME = Hello;
			};
			name = Release;
		};
/* End XCBuildConfiguration section */

/* Begin XCConfigurationList section */
		C8444A312B8DC6E500A70F0B /* Build configuration list for PBXProject "Hello" */ = {
			isa = XCConfigurationList;
			buildConfigurations = (
				C8444A5E2B8DC6E700A70F0B /* Debug */,
				C8444A5F2B8DC6E700A70F0B /* Release */,
			);
			defaultConfigurationIsVisible = 0;
			defaultConfigurationName = Release;
		};
		C8444A602B8DC6E700A70F0B /* Build configuration list for PBXNativeTarget "Hello" */ = {
			isa = XCConfigurationList;
			buildConfigurations = (
				C8444A612B8DC6E700A70F0B /* Debug */,
				C8444A622B8DC6E700A70F0B /* Release */,
			);
			defaultConfigurationIsVisible = 0;
			defaultConfigurationName = Release;
		};
		C8444A632B8DC6E700A70F0B /* Build configuration list for PBXNativeTarget "HelloTests" */ = {
			isa = XCConfigurationList;
			buildConfigurations = (
				C8444A642B8DC6E700A70F0B /* Debug */,
				C8444A652B8DC6E700A70F0B /* Release */,
			);
			defaultConfigurationIsVisible = 0;
			defaultConfigurationName = Release;
		};
		C8444A662B8DC6E700A70F0B /* Build configuration list for PBXNativeTarget "HelloUITests" */ = {
			isa = XCConfigurationList;
			buildConfigurations = (
				C8444A672B8DC6E700A70F0B /* Debug */,
				C8444A682B8DC6E700A70F0B /* Release */,
			);
			defaultConfigurationIsVisible = 0;
			defaultConfigurationName = Release;
		};
/* End XCConfigurationList section */
	};
	rootObject = C8444A2E2B8DC6E500A70F0B /* Project object */;
}
