// !$*UTF8*$!
{
	archiveVersion = 1;
	classes = {
	};
	objectVersion = 56;
	objects = {

/* Begin PBXBuildFile section */
		C856397A2BF32ECD0013FF4E /* AppDelegate.swift in Sources */ = {isa = PBXBuildFile; fileRef = C85639792BF32ECD0013FF4E /* AppDelegate.swift */; };
		C856397C2BF32ECD0013FF4E /* SceneDelegate.swift in Sources */ = {isa = PBXBuildFile; fileRef = C856397B2BF32ECD0013FF4E /* SceneDelegate.swift */; };
		C856397E2BF32ECD0013FF4E /* ViewController.swift in Sources */ = {isa = PBXBuildFile; fileRef = C856397D2BF32ECD0013FF4E /* ViewController.swift */; };
		C85639812BF32ECD0013FF4E /* Base in Resources */ = {isa = PBXBuildFile; fileRef = C85639802BF32ECD0013FF4E /* Base */; };
		C85639832BF32ECF0013FF4E /* Assets.xcassets in Resources */ = {isa = PBXBuildFile; fileRef = C85639822BF32ECF0013FF4E /* Assets.xcassets */; };
		C85639862BF32ECF0013FF4E /* Base in Resources */ = {isa = PBXBuildFile; fileRef = C85639852BF32ECF0013FF4E /* Base */; };
		C85639912BF32ECF0013FF4E /* tcp_testTests.swift in Sources */ = {isa = PBXBuildFile; fileRef = C85639902BF32ECF0013FF4E /* tcp_testTests.swift */; };
		C856399B2BF32ECF0013FF4E /* tcp_testUITests.swift in Sources */ = {isa = PBXBuildFile; fileRef = C856399A2BF32ECF0013FF4E /* tcp_testUITests.swift */; };
		C856399D2BF32ECF0013FF4E /* tcp_testUITestsLaunchTests.swift in Sources */ = {isa = PBXBuildFile; fileRef = C856399C2BF32ECF0013FF4E /* tcp_testUITestsLaunchTests.swift */; };
/* End PBXBuildFile section */

/* Begin PBXContainerItemProxy section */
		C856398D2BF32ECF0013FF4E /* PBXContainerItemProxy */ = {
			isa = PBXContainerItemProxy;
			containerPortal = C856396E2BF32ECD0013FF4E /* Project object */;
			proxyType = 1;
			remoteGlobalIDString = C85639752BF32ECD0013FF4E;
			remoteInfo = tcp_test;
		};
		C85639972BF32ECF0013FF4E /* PBXContainerItemProxy */ = {
			isa = PBXContainerItemProxy;
			containerPortal = C856396E2BF32ECD0013FF4E /* Project object */;
			proxyType = 1;
			remoteGlobalIDString = C85639752BF32ECD0013FF4E;
			remoteInfo = tcp_test;
		};
/* End PBXContainerItemProxy section */

/* Begin PBXFileReference section */
		C85639762BF32ECD0013FF4E /* tcp_test.app */ = {isa = PBXFileReference; explicitFileType = wrapper.application; includeInIndex = 0; path = tcp_test.app; sourceTree = BUILT_PRODUCTS_DIR; };
		C85639792BF32ECD0013FF4E /* AppDelegate.swift */ = {isa = PBXFileReference; lastKnownFileType = sourcecode.swift; path = AppDelegate.swift; sourceTree = "<group>"; };
		C856397B2BF32ECD0013FF4E /* SceneDelegate.swift */ = {isa = PBXFileReference; lastKnownFileType = sourcecode.swift; path = SceneDelegate.swift; sourceTree = "<group>"; };
		C856397D2BF32ECD0013FF4E /* ViewController.swift */ = {isa = PBXFileReference; lastKnownFileType = sourcecode.swift; path = ViewController.swift; sourceTree = "<group>"; };
		C85639802BF32ECD0013FF4E /* Base */ = {isa = PBXFileReference; lastKnownFileType = file.storyboard; name = Base; path = Base.lproj/Main.storyboard; sourceTree = "<group>"; };
		C85639822BF32ECF0013FF4E /* Assets.xcassets */ = {isa = PBXFileReference; lastKnownFileType = folder.assetcatalog; path = Assets.xcassets; sourceTree = "<group>"; };
		C85639852BF32ECF0013FF4E /* Base */ = {isa = PBXFileReference; lastKnownFileType = file.storyboard; name = Base; path = Base.lproj/LaunchScreen.storyboard; sourceTree = "<group>"; };
		C85639872BF32ECF0013FF4E /* Info.plist */ = {isa = PBXFileReference; lastKnownFileType = text.plist.xml; path = Info.plist; sourceTree = "<group>"; };
		C856398C2BF32ECF0013FF4E /* tcp_testTests.xctest */ = {isa = PBXFileReference; explicitFileType = wrapper.cfbundle; includeInIndex = 0; path = tcp_testTests.xctest; sourceTree = BUILT_PRODUCTS_DIR; };
		C85639902BF32ECF0013FF4E /* tcp_testTests.swift */ = {isa = PBXFileReference; lastKnownFileType = sourcecode.swift; path = tcp_testTests.swift; sourceTree = "<group>"; };
		C85639962BF32ECF0013FF4E /* tcp_testUITests.xctest */ = {isa = PBXFileReference; explicitFileType = wrapper.cfbundle; includeInIndex = 0; path = tcp_testUITests.xctest; sourceTree = BUILT_PRODUCTS_DIR; };
		C856399A2BF32ECF0013FF4E /* tcp_testUITests.swift */ = {isa = PBXFileReference; lastKnownFileType = sourcecode.swift; path = tcp_testUITests.swift; sourceTree = "<group>"; };
		C856399C2BF32ECF0013FF4E /* tcp_testUITestsLaunchTests.swift */ = {isa = PBXFileReference; lastKnownFileType = sourcecode.swift; path = tcp_testUITestsLaunchTests.swift; sourceTree = "<group>"; };
/* End PBXFileReference section */

/* Begin PBXFrameworksBuildPhase section */
		C85639732BF32ECD0013FF4E /* Frameworks */ = {
			isa = PBXFrameworksBuildPhase;
			buildActionMask = 2147483647;
			files = (
			);
			runOnlyForDeploymentPostprocessing = 0;
		};
		C85639892BF32ECF0013FF4E /* Frameworks */ = {
			isa = PBXFrameworksBuildPhase;
			buildActionMask = 2147483647;
			files = (
			);
			runOnlyForDeploymentPostprocessing = 0;
		};
		C85639932BF32ECF0013FF4E /* Frameworks */ = {
			isa = PBXFrameworksBuildPhase;
			buildActionMask = 2147483647;
			files = (
			);
			runOnlyForDeploymentPostprocessing = 0;
		};
/* End PBXFrameworksBuildPhase section */

/* Begin PBXGroup section */
		C856396D2BF32ECD0013FF4E = {
			isa = PBXGroup;
			children = (
				C85639782BF32ECD0013FF4E /* tcp_test */,
				C856398F2BF32ECF0013FF4E /* tcp_testTests */,
				C85639992BF32ECF0013FF4E /* tcp_testUITests */,
				C85639772BF32ECD0013FF4E /* Products */,
			);
			sourceTree = "<group>";
		};
		C85639772BF32ECD0013FF4E /* Products */ = {
			isa = PBXGroup;
			children = (
				C85639762BF32ECD0013FF4E /* tcp_test.app */,
				C856398C2BF32ECF0013FF4E /* tcp_testTests.xctest */,
				C85639962BF32ECF0013FF4E /* tcp_testUITests.xctest */,
			);
			name = Products;
			sourceTree = "<group>";
		};
		C85639782BF32ECD0013FF4E /* tcp_test */ = {
			isa = PBXGroup;
			children = (
				C85639792BF32ECD0013FF4E /* AppDelegate.swift */,
				C856397B2BF32ECD0013FF4E /* SceneDelegate.swift */,
				C856397D2BF32ECD0013FF4E /* ViewController.swift */,
				C856397F2BF32ECD0013FF4E /* Main.storyboard */,
				C85639822BF32ECF0013FF4E /* Assets.xcassets */,
				C85639842BF32ECF0013FF4E /* LaunchScreen.storyboard */,
				C85639872BF32ECF0013FF4E /* Info.plist */,
			);
			path = tcp_test;
			sourceTree = "<group>";
		};
		C856398F2BF32ECF0013FF4E /* tcp_testTests */ = {
			isa = PBXGroup;
			children = (
				C85639902BF32ECF0013FF4E /* tcp_testTests.swift */,
			);
			path = tcp_testTests;
			sourceTree = "<group>";
		};
		C85639992BF32ECF0013FF4E /* tcp_testUITests */ = {
			isa = PBXGroup;
			children = (
				C856399A2BF32ECF0013FF4E /* tcp_testUITests.swift */,
				C856399C2BF32ECF0013FF4E /* tcp_testUITestsLaunchTests.swift */,
			);
			path = tcp_testUITests;
			sourceTree = "<group>";
		};
/* End PBXGroup section */

/* Begin PBXNativeTarget section */
		C85639752BF32ECD0013FF4E /* tcp_test */ = {
			isa = PBXNativeTarget;
			buildConfigurationList = C85639A02BF32ECF0013FF4E /* Build configuration list for PBXNativeTarget "tcp_test" */;
			buildPhases = (
				C85639722BF32ECD0013FF4E /* Sources */,
				C85639732BF32ECD0013FF4E /* Frameworks */,
				C85639742BF32ECD0013FF4E /* Resources */,
			);
			buildRules = (
			);
			dependencies = (
			);
			name = tcp_test;
			productName = tcp_test;
			productReference = C85639762BF32ECD0013FF4E /* tcp_test.app */;
			productType = "com.apple.product-type.application";
		};
		C856398B2BF32ECF0013FF4E /* tcp_testTests */ = {
			isa = PBXNativeTarget;
			buildConfigurationList = C85639A32BF32ECF0013FF4E /* Build configuration list for PBXNativeTarget "tcp_testTests" */;
			buildPhases = (
				C85639882BF32ECF0013FF4E /* Sources */,
				C85639892BF32ECF0013FF4E /* Frameworks */,
				C856398A2BF32ECF0013FF4E /* Resources */,
			);
			buildRules = (
			);
			dependencies = (
				C856398E2BF32ECF0013FF4E /* PBXTargetDependency */,
			);
			name = tcp_testTests;
			productName = tcp_testTests;
			productReference = C856398C2BF32ECF0013FF4E /* tcp_testTests.xctest */;
			productType = "com.apple.product-type.bundle.unit-test";
		};
		C85639952BF32ECF0013FF4E /* tcp_testUITests */ = {
			isa = PBXNativeTarget;
			buildConfigurationList = C85639A62BF32ECF0013FF4E /* Build configuration list for PBXNativeTarget "tcp_testUITests" */;
			buildPhases = (
				C85639922BF32ECF0013FF4E /* Sources */,
				C85639932BF32ECF0013FF4E /* Frameworks */,
				C85639942BF32ECF0013FF4E /* Resources */,
			);
			buildRules = (
			);
			dependencies = (
				C85639982BF32ECF0013FF4E /* PBXTargetDependency */,
			);
			name = tcp_testUITests;
			productName = tcp_testUITests;
			productReference = C85639962BF32ECF0013FF4E /* tcp_testUITests.xctest */;
			productType = "com.apple.product-type.bundle.ui-testing";
		};
/* End PBXNativeTarget section */

/* Begin PBXProject section */
		C856396E2BF32ECD0013FF4E /* Project object */ = {
			isa = PBXProject;
			attributes = {
				BuildIndependentTargetsInParallel = 1;
				LastSwiftUpdateCheck = 1530;
				LastUpgradeCheck = 1530;
				TargetAttributes = {
					C85639752BF32ECD0013FF4E = {
						CreatedOnToolsVersion = 15.3;
					};
					C856398B2BF32ECF0013FF4E = {
						CreatedOnToolsVersion = 15.3;
						TestTargetID = C85639752BF32ECD0013FF4E;
					};
					C85639952BF32ECF0013FF4E = {
						CreatedOnToolsVersion = 15.3;
						TestTargetID = C85639752BF32ECD0013FF4E;
					};
				};
			};
			buildConfigurationList = C85639712BF32ECD0013FF4E /* Build configuration list for PBXProject "tcp_test" */;
			compatibilityVersion = "Xcode 14.0";
			developmentRegion = en;
			hasScannedForEncodings = 0;
			knownRegions = (
				en,
				Base,
			);
			mainGroup = C856396D2BF32ECD0013FF4E;
			productRefGroup = C85639772BF32ECD0013FF4E /* Products */;
			projectDirPath = "";
			projectRoot = "";
			targets = (
				C85639752BF32ECD0013FF4E /* tcp_test */,
				C856398B2BF32ECF0013FF4E /* tcp_testTests */,
				C85639952BF32ECF0013FF4E /* tcp_testUITests */,
			);
		};
/* End PBXProject section */

/* Begin PBXResourcesBuildPhase section */
		C85639742BF32ECD0013FF4E /* Resources */ = {
			isa = PBXResourcesBuildPhase;
			buildActionMask = 2147483647;
			files = (
				C85639832BF32ECF0013FF4E /* Assets.xcassets in Resources */,
				C85639862BF32ECF0013FF4E /* Base in Resources */,
				C85639812BF32ECD0013FF4E /* Base in Resources */,
			);
			runOnlyForDeploymentPostprocessing = 0;
		};
		C856398A2BF32ECF0013FF4E /* Resources */ = {
			isa = PBXResourcesBuildPhase;
			buildActionMask = 2147483647;
			files = (
			);
			runOnlyForDeploymentPostprocessing = 0;
		};
		C85639942BF32ECF0013FF4E /* Resources */ = {
			isa = PBXResourcesBuildPhase;
			buildActionMask = 2147483647;
			files = (
			);
			runOnlyForDeploymentPostprocessing = 0;
		};
/* End PBXResourcesBuildPhase section */

/* Begin PBXSourcesBuildPhase section */
		C85639722BF32ECD0013FF4E /* Sources */ = {
			isa = PBXSourcesBuildPhase;
			buildActionMask = 2147483647;
			files = (
				C856397E2BF32ECD0013FF4E /* ViewController.swift in Sources */,
				C856397A2BF32ECD0013FF4E /* AppDelegate.swift in Sources */,
				C856397C2BF32ECD0013FF4E /* SceneDelegate.swift in Sources */,
			);
			runOnlyForDeploymentPostprocessing = 0;
		};
		C85639882BF32ECF0013FF4E /* Sources */ = {
			isa = PBXSourcesBuildPhase;
			buildActionMask = 2147483647;
			files = (
				C85639912BF32ECF0013FF4E /* tcp_testTests.swift in Sources */,
			);
			runOnlyForDeploymentPostprocessing = 0;
		};
		C85639922BF32ECF0013FF4E /* Sources */ = {
			isa = PBXSourcesBuildPhase;
			buildActionMask = 2147483647;
			files = (
				C856399D2BF32ECF0013FF4E /* tcp_testUITestsLaunchTests.swift in Sources */,
				C856399B2BF32ECF0013FF4E /* tcp_testUITests.swift in Sources */,
			);
			runOnlyForDeploymentPostprocessing = 0;
		};
/* End PBXSourcesBuildPhase section */

/* Begin PBXTargetDependency section */
		C856398E2BF32ECF0013FF4E /* PBXTargetDependency */ = {
			isa = PBXTargetDependency;
			target = C85639752BF32ECD0013FF4E /* tcp_test */;
			targetProxy = C856398D2BF32ECF0013FF4E /* PBXContainerItemProxy */;
		};
		C85639982BF32ECF0013FF4E /* PBXTargetDependency */ = {
			isa = PBXTargetDependency;
			target = C85639752BF32ECD0013FF4E /* tcp_test */;
			targetProxy = C85639972BF32ECF0013FF4E /* PBXContainerItemProxy */;
		};
/* End PBXTargetDependency section */

/* Begin PBXVariantGroup section */
		C856397F2BF32ECD0013FF4E /* Main.storyboard */ = {
			isa = PBXVariantGroup;
			children = (
				C85639802BF32ECD0013FF4E /* Base */,
			);
			name = Main.storyboard;
			sourceTree = "<group>";
		};
		C85639842BF32ECF0013FF4E /* LaunchScreen.storyboard */ = {
			isa = PBXVariantGroup;
			children = (
				C85639852BF32ECF0013FF4E /* Base */,
			);
			name = LaunchScreen.storyboard;
			sourceTree = "<group>";
		};
/* End PBXVariantGroup section */

/* Begin XCBuildConfiguration section */
		C856399E2BF32ECF0013FF4E /* Debug */ = {
			isa = XCBuildConfiguration;
			buildSettings = {
				ALWAYS_SEARCH_USER_PATHS = NO;
				ASSETCATALOG_COMPILER_GENERATE_SWIFT_ASSET_SYMBOL_EXTENSIONS = YES;
				CLANG_ANALYZER_NONNULL = YES;
				CLANG_ANALYZER_NUMBER_OBJECT_CONVERSION = YES_AGGRESSIVE;
				CLANG_CXX_LANGUAGE_STANDARD = "gnu++20";
				CLANG_ENABLE_MODULES = YES;
				CLANG_ENABLE_OBJC_ARC = YES;
				CLANG_ENABLE_OBJC_WEAK = YES;
				CLANG_WARN_BLOCK_CAPTURE_AUTORELEASING = YES;
				CLANG_WARN_BOOL_CONVERSION = YES;
				CLANG_WARN_COMMA = YES;
				CLANG_WARN_CONSTANT_CONVERSION = YES;
				CLANG_WARN_DEPRECATED_OBJC_IMPLEMENTATIONS = YES;
				CLANG_WARN_DIRECT_OBJC_ISA_USAGE = YES_ERROR;
				CLANG_WARN_DOCUMENTATION_COMMENTS = YES;
				CLANG_WARN_EMPTY_BODY = YES;
				CLANG_WARN_ENUM_CONVERSION = YES;
				CLANG_WARN_INFINITE_RECURSION = YES;
				CLANG_WARN_INT_CONVERSION = YES;
				CLANG_WARN_NON_LITERAL_NULL_CONVERSION = YES;
				CLANG_WARN_OBJC_IMPLICIT_RETAIN_SELF = YES;
				CLANG_WARN_OBJC_LITERAL_CONVERSION = YES;
				CLANG_WARN_OBJC_ROOT_CLASS = YES_ERROR;
				CLANG_WARN_QUOTED_INCLUDE_IN_FRAMEWORK_HEADER = YES;
				CLANG_WARN_RANGE_LOOP_ANALYSIS = YES;
				CLANG_WARN_STRICT_PROTOTYPES = YES;
				CLANG_WARN_SUSPICIOUS_MOVE = YES;
				CLANG_WARN_UNGUARDED_AVAILABILITY = YES_AGGRESSIVE;
				CLANG_WARN_UNREACHABLE_CODE = YES;
				CLANG_WARN__DUPLICATE_METHOD_MATCH = YES;
				COPY_PHASE_STRIP = NO;
				DEBUG_INFORMATION_FORMAT = dwarf;
				ENABLE_STRICT_OBJC_MSGSEND = YES;
				ENABLE_TESTABILITY = YES;
				ENABLE_USER_SCRIPT_SANDBOXING = YES;
				GCC_C_LANGUAGE_STANDARD = gnu17;
				GCC_DYNAMIC_NO_PIC = NO;
				GCC_NO_COMMON_BLOCKS = YES;
				GCC_OPTIMIZATION_LEVEL = 0;
				GCC_PREPROCESSOR_DEFINITIONS = (
					"DEBUG=1",
					"$(inherited)",
				);
				GCC_WARN_64_TO_32_BIT_CONVERSION = YES;
				GCC_WARN_ABOUT_RETURN_TYPE = YES_ERROR;
				GCC_WARN_UNDECLARED_SELECTOR = YES;
				GCC_WARN_UNINITIALIZED_AUTOS = YES_AGGRESSIVE;
				GCC_WARN_UNUSED_FUNCTION = YES;
				GCC_WARN_UNUSED_VARIABLE = YES;
				IPHONEOS_DEPLOYMENT_TARGET = 17.4;
				LOCALIZATION_PREFERS_STRING_CATALOGS = YES;
				MTL_ENABLE_DEBUG_INFO = INCLUDE_SOURCE;
				MTL_FAST_MATH = YES;
				ONLY_ACTIVE_ARCH = YES;
				SDKROOT = iphoneos;
				SWIFT_ACTIVE_COMPILATION_CONDITIONS = "DEBUG $(inherited)";
				SWIFT_OPTIMIZATION_LEVEL = "-Onone";
			};
			name = Debug;
		};
		C856399F2BF32ECF0013FF4E /* Release */ = {
			isa = XCBuildConfiguration;
			buildSettings = {
				ALWAYS_SEARCH_USER_PATHS = NO;
				ASSETCATALOG_COMPILER_GENERATE_SWIFT_ASSET_SYMBOL_EXTENSIONS = YES;
				CLANG_ANALYZER_NONNULL = YES;
				CLANG_ANALYZER_NUMBER_OBJECT_CONVERSION = YES_AGGRESSIVE;
				CLANG_CXX_LANGUAGE_STANDARD = "gnu++20";
				CLANG_ENABLE_MODULES = YES;
				CLANG_ENABLE_OBJC_ARC = YES;
				CLANG_ENABLE_OBJC_WEAK = YES;
				CLANG_WARN_BLOCK_CAPTURE_AUTORELEASING = YES;
				CLANG_WARN_BOOL_CONVERSION = YES;
				CLANG_WARN_COMMA = YES;
				CLANG_WARN_CONSTANT_CONVERSION = YES;
				CLANG_WARN_DEPRECATED_OBJC_IMPLEMENTATIONS = YES;
				CLANG_WARN_DIRECT_OBJC_ISA_USAGE = YES_ERROR;
				CLANG_WARN_DOCUMENTATION_COMMENTS = YES;
				CLANG_WARN_EMPTY_BODY = YES;
				CLANG_WARN_ENUM_CONVERSION = YES;
				CLANG_WARN_INFINITE_RECURSION = YES;
				CLANG_WARN_INT_CONVERSION = YES;
				CLANG_WARN_NON_LITERAL_NULL_CONVERSION = YES;
				CLANG_WARN_OBJC_IMPLICIT_RETAIN_SELF = YES;
				CLANG_WARN_OBJC_LITERAL_CONVERSION = YES;
				CLANG_WARN_OBJC_ROOT_CLASS = YES_ERROR;
				CLANG_WARN_QUOTED_INCLUDE_IN_FRAMEWORK_HEADER = YES;
				CLANG_WARN_RANGE_LOOP_ANALYSIS = YES;
				CLANG_WARN_STRICT_PROTOTYPES = YES;
				CLANG_WARN_SUSPICIOUS_MOVE = YES;
				CLANG_WARN_UNGUARDED_AVAILABILITY = YES_AGGRESSIVE;
				CLANG_WARN_UNREACHABLE_CODE = YES;
				CLANG_WARN__DUPLICATE_METHOD_MATCH = YES;
				COPY_PHASE_STRIP = NO;
				DEBUG_INFORMATION_FORMAT = "dwarf-with-dsym";
				ENABLE_NS_ASSERTIONS = NO;
				ENABLE_STRICT_OBJC_MSGSEND = YES;
				ENABLE_USER_SCRIPT_SANDBOXING = YES;
				GCC_C_LANGUAGE_STANDARD = gnu17;
				GCC_NO_COMMON_BLOCKS = YES;
				GCC_WARN_64_TO_32_BIT_CONVERSION = YES;
				GCC_WARN_ABOUT_RETURN_TYPE = YES_ERROR;
				GCC_WARN_UNDECLARED_SELECTOR = YES;
				GCC_WARN_UNINITIALIZED_AUTOS = YES_AGGRESSIVE;
				GCC_WARN_UNUSED_FUNCTION = YES;
				GCC_WARN_UNUSED_VARIABLE = YES;
				IPHONEOS_DEPLOYMENT_TARGET = 17.4;
				LOCALIZATION_PREFERS_STRING_CATALOGS = YES;
				MTL_ENABLE_DEBUG_INFO = NO;
				MTL_FAST_MATH = YES;
				SDKROOT = iphoneos;
				SWIFT_COMPILATION_MODE = wholemodule;
				VALIDATE_PRODUCT = YES;
			};
			name = Release;
		};
		C85639A12BF32ECF0013FF4E /* Debug */ = {
			isa = XCBuildConfiguration;
			buildSettings = {
				ASSETCATALOG_COMPILER_APPICON_NAME = AppIcon;
				ASSETCATALOG_COMPILER_GLOBAL_ACCENT_COLOR_NAME = AccentColor;
				CODE_SIGN_STYLE = Automatic;
				CURRENT_PROJECT_VERSION = 1;
				DEVELOPMENT_TEAM = 3G42LQJ6UL;
				GENERATE_INFOPLIST_FILE = YES;
				INFOPLIST_FILE = tcp_test/Info.plist;
				INFOPLIST_KEY_UIApplicationSupportsIndirectInputEvents = YES;
				INFOPLIST_KEY_UILaunchStoryboardName = LaunchScreen;
				INFOPLIST_KEY_UIMainStoryboardFile = Main;
				INFOPLIST_KEY_UISupportedInterfaceOrientations_iPad = "UIInterfaceOrientationPortrait UIInterfaceOrientationPortraitUpsideDown UIInterfaceOrientationLandscapeLeft UIInterfaceOrientationLandscapeRight";
				INFOPLIST_KEY_UISupportedInterfaceOrientations_iPhone = "UIInterfaceOrientationPortrait UIInterfaceOrientationLandscapeLeft UIInterfaceOrientationLandscapeRight";
				LD_RUNPATH_SEARCH_PATHS = (
					"$(inherited)",
					"@executable_path/Frameworks",
				);
				MARKETING_VERSION = 1.0;
				PRODUCT_BUNDLE_IDENTIFIER = "nycu.esd.409504010.tcp-test";
				PRODUCT_NAME = "$(TARGET_NAME)";
				SWIFT_EMIT_LOC_STRINGS = YES;
				SWIFT_VERSION = 5.0;
				TARGETED_DEVICE_FAMILY = "1,2";
			};
			name = Debug;
		};
		C85639A22BF32ECF0013FF4E /* Release */ = {
			isa = XCBuildConfiguration;
			buildSettings = {
				ASSETCATALOG_COMPILER_APPICON_NAME = AppIcon;
				ASSETCATALOG_COMPILER_GLOBAL_ACCENT_COLOR_NAME = AccentColor;
				CODE_SIGN_STYLE = Automatic;
				CURRENT_PROJECT_VERSION = 1;
				DEVELOPMENT_TEAM = 3G42LQJ6UL;
				GENERATE_INFOPLIST_FILE = YES;
				INFOPLIST_FILE = tcp_test/Info.plist;
				INFOPLIST_KEY_UIApplicationSupportsIndirectInputEvents = YES;
				INFOPLIST_KEY_UILaunchStoryboardName = LaunchScreen;
				INFOPLIST_KEY_UIMainStoryboardFile = Main;
				INFOPLIST_KEY_UISupportedInterfaceOrientations_iPad = "UIInterfaceOrientationPortrait UIInterfaceOrientationPortraitUpsideDown UIInterfaceOrientationLandscapeLeft UIInterfaceOrientationLandscapeRight";
				INFOPLIST_KEY_UISupportedInterfaceOrientations_iPhone = "UIInterfaceOrientationPortrait UIInterfaceOrientationLandscapeLeft UIInterfaceOrientationLandscapeRight";
				LD_RUNPATH_SEARCH_PATHS = (
					"$(inherited)",
					"@executable_path/Frameworks",
				);
				MARKETING_VERSION = 1.0;
				PRODUCT_BUNDLE_IDENTIFIER = "nycu.esd.409504010.tcp-test";
				PRODUCT_NAME = "$(TARGET_NAME)";
				SWIFT_EMIT_LOC_STRINGS = YES;
				SWIFT_VERSION = 5.0;
				TARGETED_DEVICE_FAMILY = "1,2";
			};
			name = Release;
		};
		C85639A42BF32ECF0013FF4E /* Debug */ = {
			isa = XCBuildConfiguration;
			buildSettings = {
				ALWAYS_EMBED_SWIFT_STANDARD_LIBRARIES = YES;
				BUNDLE_LOADER = "$(TEST_HOST)";
				CODE_SIGN_STYLE = Automatic;
				CURRENT_PROJECT_VERSION = 1;
				DEVELOPMENT_TEAM = 3G42LQJ6UL;
				GENERATE_INFOPLIST_FILE = YES;
				IPHONEOS_DEPLOYMENT_TARGET = 17.4;
				MARKETING_VERSION = 1.0;
				PRODUCT_BUNDLE_IDENTIFIER = "nycu.esd.409504010.tcp-testTests";
				PRODUCT_NAME = "$(TARGET_NAME)";
				SWIFT_EMIT_LOC_STRINGS = NO;
				SWIFT_VERSION = 5.0;
				TARGETED_DEVICE_FAMILY = "1,2";
				TEST_HOST = "$(BUILT_PRODUCTS_DIR)/tcp_test.app/$(BUNDLE_EXECUTABLE_FOLDER_PATH)/tcp_test";
			};
			name = Debug;
		};
		C85639A52BF32ECF0013FF4E /* Release */ = {
			isa = XCBuildConfiguration;
			buildSettings = {
				ALWAYS_EMBED_SWIFT_STANDARD_LIBRARIES = YES;
				BUNDLE_LOADER = "$(TEST_HOST)";
				CODE_SIGN_STYLE = Automatic;
				CURRENT_PROJECT_VERSION = 1;
				DEVELOPMENT_TEAM = 3G42LQJ6UL;
				GENERATE_INFOPLIST_FILE = YES;
				IPHONEOS_DEPLOYMENT_TARGET = 17.4;
				MARKETING_VERSION = 1.0;
				PRODUCT_BUNDLE_IDENTIFIER = "nycu.esd.409504010.tcp-testTests";
				PRODUCT_NAME = "$(TARGET_NAME)";
				SWIFT_EMIT_LOC_STRINGS = NO;
				SWIFT_VERSION = 5.0;
				TARGETED_DEVICE_FAMILY = "1,2";
				TEST_HOST = "$(BUILT_PRODUCTS_DIR)/tcp_test.app/$(BUNDLE_EXECUTABLE_FOLDER_PATH)/tcp_test";
			};
			name = Release;
		};
		C85639A72BF32ECF0013FF4E /* Debug */ = {
			isa = XCBuildConfiguration;
			buildSettings = {
				ALWAYS_EMBED_SWIFT_STANDARD_LIBRARIES = YES;
				CODE_SIGN_STYLE = Automatic;
				CURRENT_PROJECT_VERSION = 1;
				DEVELOPMENT_TEAM = 3G42LQJ6UL;
				GENERATE_INFOPLIST_FILE = YES;
				MARKETING_VERSION = 1.0;
				PRODUCT_BUNDLE_IDENTIFIER = "nycu.esd.409504010.tcp-testUITests";
				PRODUCT_NAME = "$(TARGET_NAME)";
				SWIFT_EMIT_LOC_STRINGS = NO;
				SWIFT_VERSION = 5.0;
				TARGETED_DEVICE_FAMILY = "1,2";
				TEST_TARGET_NAME = tcp_test;
			};
			name = Debug;
		};
		C85639A82BF32ECF0013FF4E /* Release */ = {
			isa = XCBuildConfiguration;
			buildSettings = {
				ALWAYS_EMBED_SWIFT_STANDARD_LIBRARIES = YES;
				CODE_SIGN_STYLE = Automatic;
				CURRENT_PROJECT_VERSION = 1;
				DEVELOPMENT_TEAM = 3G42LQJ6UL;
				GENERATE_INFOPLIST_FILE = YES;
				MARKETING_VERSION = 1.0;
				PRODUCT_BUNDLE_IDENTIFIER = "nycu.esd.409504010.tcp-testUITests";
				PRODUCT_NAME = "$(TARGET_NAME)";
				SWIFT_EMIT_LOC_STRINGS = NO;
				SWIFT_VERSION = 5.0;
				TARGETED_DEVICE_FAMILY = "1,2";
				TEST_TARGET_NAME = tcp_test;
			};
			name = Release;
		};
/* End XCBuildConfiguration section */

/* Begin XCConfigurationList section */
		C85639712BF32ECD0013FF4E /* Build configuration list for PBXProject "tcp_test" */ = {
			isa = XCConfigurationList;
			buildConfigurations = (
				C856399E2BF32ECF0013FF4E /* Debug */,
				C856399F2BF32ECF0013FF4E /* Release */,
			);
			defaultConfigurationIsVisible = 0;
			defaultConfigurationName = Release;
		};
		C85639A02BF32ECF0013FF4E /* Build configuration list for PBXNativeTarget "tcp_test" */ = {
			isa = XCConfigurationList;
			buildConfigurations = (
				C85639A12BF32ECF0013FF4E /* Debug */,
				C85639A22BF32ECF0013FF4E /* Release */,
			);
			defaultConfigurationIsVisible = 0;
			defaultConfigurationName = Release;
		};
		C85639A32BF32ECF0013FF4E /* Build configuration list for PBXNativeTarget "tcp_testTests" */ = {
			isa = XCConfigurationList;
			buildConfigurations = (
				C85639A42BF32ECF0013FF4E /* Debug */,
				C85639A52BF32ECF0013FF4E /* Release */,
			);
			defaultConfigurationIsVisible = 0;
			defaultConfigurationName = Release;
		};
		C85639A62BF32ECF0013FF4E /* Build configuration list for PBXNativeTarget "tcp_testUITests" */ = {
			isa = XCConfigurationList;
			buildConfigurations = (
				C85639A72BF32ECF0013FF4E /* Debug */,
				C85639A82BF32ECF0013FF4E /* Release */,
			);
			defaultConfigurationIsVisible = 0;
			defaultConfigurationName = Release;
		};
/* End XCConfigurationList section */
	};
	rootObject = C856396E2BF32ECD0013FF4E /* Project object */;
}
